// !$*UTF8*$!
{
	archiveVersion = 1;
	classes = {
	};
	objectVersion = 46;
	objects = {

/* Begin PBXBuildFile section */
		3E30D8B21C3C9BCA00429EAC /* main.cpp in Sources */ = {isa = PBXBuildFile; fileRef = 3E30D8B11C3C9BCA00429EAC /* main.cpp */; };
/* End PBXBuildFile section */

/* Begin PBXCopyFilesBuildPhase section */
		3E30D8AC1C3C9BCA00429EAC /* CopyFiles */ = {
			isa = PBXCopyFilesBuildPhase;
			buildActionMask = 2147483647;
			dstPath = /usr/share/man/man1/;
			dstSubfolderSpec = 0;
			files = (
			);
			runOnlyForDeploymentPostprocessing = 1;
		};
/* End PBXCopyFilesBuildPhase section */

/* Begin PBXFileReference section */
		3E30D8AE1C3C9BCA00429EAC /* Detect Cycle */ = {isa = PBXFileReference; explicitFileType = "compiled.mach-o.executable"; includeInIndex = 0; path = "Detect Cycle"; sourceTree = BUILT_PRODUCTS_DIR; };
		3E30D8B11C3C9BCA00429EAC /* main.cpp */ = {isa = PBXFileReference; lastKnownFileType = sourcecode.cpp.cpp; path = main.cpp; sourceTree = "<group>"; };
/* End PBXFileReference section */

/* Begin PBXFrameworksBuildPhase section */
		3E30D8AB1C3C9BCA00429EAC /* Frameworks */ = {
			isa = PBXFrameworksBuildPhase;
			buildActionMask = 2147483647;
			files = (
			);
			runOnlyForDeploymentPostprocessing = 0;
		};
/* End PBXFrameworksBuildPhase section */

/* Begin PBXGroup section */
		3E30D8A51C3C9BCA00429EAC = {
			isa = PBXGroup;
			children = (
				3E30D8B01C3C9BCA00429EAC /* Detect Cycle */,
				3E30D8AF1C3C9BCA00429EAC /* Products */,
			);
			sourceTree = "<group>";
		};
		3E30D8AF1C3C9BCA00429EAC /* Products */ = {
			isa = PBXGroup;
			children = (
				3E30D8AE1C3C9BCA00429EAC /* Detect Cycle */,
			);
			name = Products;
			sourceTree = "<group>";
		};
		3E30D8B01C3C9BCA00429EAC /* Detect Cycle */ = {
			isa = PBXGroup;
			children = (
				3E30D8B11C3C9BCA00429EAC /* main.cpp */,
			);
			path = "Detect Cycle";
			sourceTree = "<group>";
		};
/* End PBXGroup section */

/* Begin PBXNativeTarget section */
		3E30D8AD1C3C9BCA00429EAC /* Detect Cycle */ = {
			isa = PBXNativeTarget;
			buildConfigurationList = 3E30D8B51C3C9BCA00429EAC /* Build configuration list for PBXNativeTarget "Detect Cycle" */;
			buildPhases = (
				3E30D8AA1C3C9BCA00429EAC /* Sources */,
				3E30D8AB1C3C9BCA00429EAC /* Frameworks */,
				3E30D8AC1C3C9BCA00429EAC /* CopyFiles */,
			);
			buildRules = (
			);
			dependencies = (
			);
			name = "Detect Cycle";
			productName = "Detect Cycle";
			productReference = 3E30D8AE1C3C9BCA00429EAC /* Detect Cycle */;
			productType = "com.apple.product-type.tool";
		};
/* End PBXNativeTarget section */

/* Begin PBXProject section */
		3E30D8A61C3C9BCA00429EAC /* Project object */ = {
			isa = PBXProject;
			attributes = {
				LastUpgradeCheck = 0710;
				ORGANIZATIONNAME = "David Zhong";
				TargetAttributes = {
					3E30D8AD1C3C9BCA00429EAC = {
						CreatedOnToolsVersion = 7.1.1;
					};
				};
			};
			buildConfigurationList = 3E30D8A91C3C9BCA00429EAC /* Build configuration list for PBXProject "Detect Cycle" */;
			compatibilityVersion = "Xcode 3.2";
			developmentRegion = English;
			hasScannedForEncodings = 0;
			knownRegions = (
				en,
			);
			mainGroup = 3E30D8A51C3C9BCA00429EAC;
			productRefGroup = 3E30D8AF1C3C9BCA00429EAC /* Products */;
			projectDirPath = "";
			projectRoot = "";
			targets = (
				3E30D8AD1C3C9BCA00429EAC /* Detect Cycle */,
			);
		};
/* End PBXProject section */

/* Begin PBXSourcesBuildPhase section */
		3E30D8AA1C3C9BCA00429EAC /* Sources */ = {
			isa = PBXSourcesBuildPhase;
			buildActionMask = 2147483647;
			files = (
				3E30D8B21C3C9BCA00429EAC /* main.cpp in Sources */,
			);
			runOnlyForDeploymentPostprocessing = 0;
		};
/* End PBXSourcesBuildPhase section */

/* Begin XCBuildConfiguration section */
		3E30D8B31C3C9BCA00429EAC /* Debug */ = {
			isa = XCBuildConfiguration;
			buildSettings = {
				ALWAYS_SEARCH_USER_PATHS = NO;
				CLANG_CXX_LANGUAGE_STANDARD = "gnu++0x";
				CLANG_CXX_LIBRARY = "libc++";
				CLANG_ENABLE_MODULES = YES;
				CLANG_ENABLE_OBJC_ARC = YES;
				CLANG_WARN_BOOL_CONVERSION = YES;
				CLANG_WARN_CONSTANT_CONVERSION = YES;
				CLANG_WARN_DIRECT_OBJC_ISA_USAGE = YES_ERROR;
				CLANG_WARN_EMPTY_BODY = YES;
				CLANG_WARN_ENUM_CONVERSION = YES;
				CLANG_WARN_INT_CONVERSION = YES;
				CLANG_WARN_OBJC_ROOT_CLASS = YES_ERROR;
				CLANG_WARN_UNREACHABLE_CODE = YES;
				CLANG_WARN__DUPLICATE_METHOD_MATCH = YES;
				CODE_SIGN_IDENTITY = "-";
				COPY_PHASE_STRIP = NO;
				DEBUG_INFORMATION_FORMAT = dwarf;
				ENABLE_STRICT_OBJC_MSGSEND = YES;
				ENABLE_TESTABILITY = YES;
				GCC_C_LANGUAGE_STANDARD = gnu99;
				GCC_DYNAMIC_NO_PIC = NO;
				GCC_NO_COMMON_BLOCKS = YES;
				GCC_OPTIMIZATION_LEVEL = 0;
				GCC_PREPROCESSOR_DEFINITIONS = (
					"DEBUG=1",
					"$(inherited)",
				);
				GCC_WARN_64_TO_32_BIT_CONVERSION = YES;
				GCC_WARN_ABOUT_RETURN_TYPE = YES_ERROR;
				GCC_WARN_UNDECLARED_SELECTOR = YES;
				GCC_WARN_UNINITIALIZED_AUTOS = YES_AGGRESSIVE;
				GCC_WARN_UNUSED_FUNCTION = YES;
				GCC_WARN_UNUSED_VARIABLE = YES;
				MACOSX_DEPLOYMENT_TARGET = 10.11;
				MTL_ENABLE_DEBUG_INFO = YES;
				ONLY_ACTIVE_ARCH = YES;
				SDKROOT = macosx;
			};
			name = Debug;
		};
		3E30D8B41C3C9BCA00429EAC /* Release */ = {
			isa = XCBuildConfiguration;
			buildSettings = {
				ALWAYS_SEARCH_USER_PATHS = NO;
				CLANG_CXX_LANGUAGE_STANDARD = "gnu++0x";
				CLANG_CXX_LIBRARY = "libc++";
				CLANG_ENABLE_MODULES = YES;
				CLANG_ENABLE_OBJC_ARC = YES;
				CLANG_WARN_BOOL_CONVERSION = YES;
				CLANG_WARN_CONSTANT_CONVERSION = YES;
				CLANG_WARN_DIRECT_OBJC_ISA_USAGE = YES_ERROR;
				CLANG_WARN_EMPTY_BODY = YES;
				CLANG_WARN_ENUM_CONVERSION = YES;
				CLANG_WARN_INT_CONVERSION = YES;
				CLANG_WARN_OBJC_ROOT_CLASS = YES_ERROR;
				CLANG_WARN_UNREACHABLE_CODE = YES;
				CLANG_WARN__DUPLICATE_METHOD_MATCH = YES;
				CODE_SIGN_IDENTITY = "-";
				COPY_PHASE_STRIP = NO;
				DEBUG_INFORMATION_FORMAT = "dwarf-with-dsym";
				ENABLE_NS_ASSERTIONS = NO;
				ENABLE_STRICT_OBJC_MSGSEND = YES;
				GCC_C_LANGUAGE_STANDARD = gnu99;
				GCC_NO_COMMON_BLOCKS = YES;
				GCC_WARN_64_TO_32_BIT_CONVERSION = YES;
				GCC_WARN_ABOUT_RETURN_TYPE = YES_ERROR;
				GCC_WARN_UNDECLARED_SELECTOR = YES;
				GCC_WARN_UNINITIALIZED_AUTOS = YES_AGGRESSIVE;
				GCC_WARN_UNUSED_FUNCTION = YES;
				GCC_WARN_UNUSED_VARIABLE = YES;
				MACOSX_DEPLOYMENT_TARGET = 10.11;
				MTL_ENABLE_DEBUG_INFO = NO;
				SDKROOT = macosx;
			};
			name = Release;
		};
		3E30D8B61C3C9BCA00429EAC /* Debug */ = {
			isa = XCBuildConfiguration;
			buildSettings = {
				PRODUCT_NAME = "$(TARGET_NAME)";
			};
			name = Debug;
		};
		3E30D8B71C3C9BCA00429EAC /* Release */ = {
			isa = XCBuildConfiguration;
			buildSettings = {
				PRODUCT_NAME = "$(TARGET_NAME)";
			};
			name = Release;
		};
/* End XCBuildConfiguration section */

/* Begin XCConfigurationList section */
		3E30D8A91C3C9BCA00429EAC /* Build configuration list for PBXProject "Detect Cycle" */ = {
			isa = XCConfigurationList;
			buildConfigurations = (
				3E30D8B31C3C9BCA00429EAC /* Debug */,
				3E30D8B41C3C9BCA00429EAC /* Release */,
			);
			defaultConfigurationIsVisible = 0;
			defaultConfigurationName = Release;
		};
		3E30D8B51C3C9BCA00429EAC /* Build configuration list for PBXNativeTarget "Detect Cycle" */ = {
			isa = XCConfigurationList;
			buildConfigurations = (
				3E30D8B61C3C9BCA00429EAC /* Debug */,
				3E30D8B71C3C9BCA00429EAC /* Release */,
			);
			defaultConfigurationIsVisible = 0;
		};
/* End XCConfigurationList section */
	};
	rootObject = 3E30D8A61C3C9BCA00429EAC /* Project object */;
}
