// !$*UTF8*$!
{
	archiveVersion = 1;
	classes = {
	};
	objectVersion = 46;
	objects = {

/* Begin PBXBuildFile section */
		3ECBF8B51C3B60A600B0597E /* main.cpp in Sources */ = {isa = PBXBuildFile; fileRef = 3ECBF8B41C3B60A600B0597E /* main.cpp */; };
/* End PBXBuildFile section */

/* Begin PBXCopyFilesBuildPhase section */
		3ECBF8AF1C3B60A600B0597E /* CopyFiles */ = {
			isa = PBXCopyFilesBuildPhase;
			buildActionMask = 2147483647;
			dstPath = /usr/share/man/man1/;
			dstSubfolderSpec = 0;
			files = (
			);
			runOnlyForDeploymentPostprocessing = 1;
		};
/* End PBXCopyFilesBuildPhase section */

/* Begin PBXFileReference section */
		3ECBF8B11C3B60A600B0597E /* Compare two linked lists */ = {isa = PBXFileReference; explicitFileType = "compiled.mach-o.executable"; includeInIndex = 0; path = "Compare two linked lists"; sourceTree = BUILT_PRODUCTS_DIR; };
		3ECBF8B41C3B60A600B0597E /* main.cpp */ = {isa = PBXFileReference; lastKnownFileType = sourcecode.cpp.cpp; path = main.cpp; sourceTree = "<group>"; };
/* End PBXFileReference section */

/* Begin PBXFrameworksBuildPhase section */
		3ECBF8AE1C3B60A600B0597E /* Frameworks */ = {
			isa = PBXFrameworksBuildPhase;
			buildActionMask = 2147483647;
			files = (
			);
			runOnlyForDeploymentPostprocessing = 0;
		};
/* End PBXFrameworksBuildPhase section */

/* Begin PBXGroup section */
		3ECBF8A81C3B60A600B0597E = {
			isa = PBXGroup;
			children = (
				3ECBF8B31C3B60A600B0597E /* Compare two linked lists */,
				3ECBF8B21C3B60A600B0597E /* Products */,
			);
			sourceTree = "<group>";
		};
		3ECBF8B21C3B60A600B0597E /* Products */ = {
			isa = PBXGroup;
			children = (
				3ECBF8B11C3B60A600B0597E /* Compare two linked lists */,
			);
			name = Products;
			sourceTree = "<group>";
		};
		3ECBF8B31C3B60A600B0597E /* Compare two linked lists */ = {
			isa = PBXGroup;
			children = (
				3ECBF8B41C3B60A600B0597E /* main.cpp */,
			);
			path = "Compare two linked lists";
			sourceTree = "<group>";
		};
/* End PBXGroup section */

/* Begin PBXNativeTarget section */
		3ECBF8B01C3B60A600B0597E /* Compare two linked lists */ = {
			isa = PBXNativeTarget;
			buildConfigurationList = 3ECBF8B81C3B60A600B0597E /* Build configuration list for PBXNativeTarget "Compare two linked lists" */;
			buildPhases = (
				3ECBF8AD1C3B60A600B0597E /* Sources */,
				3ECBF8AE1C3B60A600B0597E /* Frameworks */,
				3ECBF8AF1C3B60A600B0597E /* CopyFiles */,
			);
			buildRules = (
			);
			dependencies = (
			);
			name = "Compare two linked lists";
			productName = "Compare two linked lists";
			productReference = 3ECBF8B11C3B60A600B0597E /* Compare two linked lists */;
			productType = "com.apple.product-type.tool";
		};
/* End PBXNativeTarget section */

/* Begin PBXProject section */
		3ECBF8A91C3B60A600B0597E /* Project object */ = {
			isa = PBXProject;
			attributes = {
				LastUpgradeCheck = 0710;
				ORGANIZATIONNAME = "David Zhong";
				TargetAttributes = {
					3ECBF8B01C3B60A600B0597E = {
						CreatedOnToolsVersion = 7.1.1;
					};
				};
			};
			buildConfigurationList = 3ECBF8AC1C3B60A600B0597E /* Build configuration list for PBXProject "Compare two linked lists" */;
			compatibilityVersion = "Xcode 3.2";
			developmentRegion = English;
			hasScannedForEncodings = 0;
			knownRegions = (
				en,
			);
			mainGroup = 3ECBF8A81C3B60A600B0597E;
			productRefGroup = 3ECBF8B21C3B60A600B0597E /* Products */;
			projectDirPath = "";
			projectRoot = "";
			targets = (
				3ECBF8B01C3B60A600B0597E /* Compare two linked lists */,
			);
		};
/* End PBXProject section */

/* Begin PBXSourcesBuildPhase section */
		3ECBF8AD1C3B60A600B0597E /* Sources */ = {
			isa = PBXSourcesBuildPhase;
			buildActionMask = 2147483647;
			files = (
				3ECBF8B51C3B60A600B0597E /* main.cpp in Sources */,
			);
			runOnlyForDeploymentPostprocessing = 0;
		};
/* End PBXSourcesBuildPhase section */

/* Begin XCBuildConfiguration section */
		3ECBF8B61C3B60A600B0597E /* Debug */ = {
			isa = XCBuildConfiguration;
			buildSettings = {
				ALWAYS_SEARCH_USER_PATHS = NO;
				CLANG_CXX_LANGUAGE_STANDARD = "gnu++0x";
				CLANG_CXX_LIBRARY = "libc++";
				CLANG_ENABLE_MODULES = YES;
				CLANG_ENABLE_OBJC_ARC = YES;
				CLANG_WARN_BOOL_CONVERSION = YES;
				CLANG_WARN_CONSTANT_CONVERSION = YES;
				CLANG_WARN_DIRECT_OBJC_ISA_USAGE = YES_ERROR;
				CLANG_WARN_EMPTY_BODY = YES;
				CLANG_WARN_ENUM_CONVERSION = YES;
				CLANG_WARN_INT_CONVERSION = YES;
				CLANG_WARN_OBJC_ROOT_CLASS = YES_ERROR;
				CLANG_WARN_UNREACHABLE_CODE = YES;
				CLANG_WARN__DUPLICATE_METHOD_MATCH = YES;
				CODE_SIGN_IDENTITY = "-";
				COPY_PHASE_STRIP = NO;
				DEBUG_INFORMATION_FORMAT = dwarf;
				ENABLE_STRICT_OBJC_MSGSEND = YES;
				ENABLE_TESTABILITY = YES;
				GCC_C_LANGUAGE_STANDARD = gnu99;
				GCC_DYNAMIC_NO_PIC = NO;
				GCC_NO_COMMON_BLOCKS = YES;
				GCC_OPTIMIZATION_LEVEL = 0;
				GCC_PREPROCESSOR_DEFINITIONS = (
					"DEBUG=1",
					"$(inherited)",
				);
				GCC_WARN_64_TO_32_BIT_CONVERSION = YES;
				GCC_WARN_ABOUT_RETURN_TYPE = YES_ERROR;
				GCC_WARN_UNDECLARED_SELECTOR = YES;
				GCC_WARN_UNINITIALIZED_AUTOS = YES_AGGRESSIVE;
				GCC_WARN_UNUSED_FUNCTION = YES;
				GCC_WARN_UNUSED_VARIABLE = YES;
				MACOSX_DEPLOYMENT_TARGET = 10.11;
				MTL_ENABLE_DEBUG_INFO = YES;
				ONLY_ACTIVE_ARCH = YES;
				SDKROOT = macosx;
			};
			name = Debug;
		};
		3ECBF8B71C3B60A600B0597E /* Release */ = {
			isa = XCBuildConfiguration;
			buildSettings = {
				ALWAYS_SEARCH_USER_PATHS = NO;
				CLANG_CXX_LANGUAGE_STANDARD = "gnu++0x";
				CLANG_CXX_LIBRARY = "libc++";
				CLANG_ENABLE_MODULES = YES;
				CLANG_ENABLE_OBJC_ARC = YES;
				CLANG_WARN_BOOL_CONVERSION = YES;
				CLANG_WARN_CONSTANT_CONVERSION = YES;
				CLANG_WARN_DIRECT_OBJC_ISA_USAGE = YES_ERROR;
				CLANG_WARN_EMPTY_BODY = YES;
				CLANG_WARN_ENUM_CONVERSION = YES;
				CLANG_WARN_INT_CONVERSION = YES;
				CLANG_WARN_OBJC_ROOT_CLASS = YES_ERROR;
				CLANG_WARN_UNREACHABLE_CODE = YES;
				CLANG_WARN__DUPLICATE_METHOD_MATCH = YES;
				CODE_SIGN_IDENTITY = "-";
				COPY_PHASE_STRIP = NO;
				DEBUG_INFORMATION_FORMAT = "dwarf-with-dsym";
				ENABLE_NS_ASSERTIONS = NO;
				ENABLE_STRICT_OBJC_MSGSEND = YES;
				GCC_C_LANGUAGE_STANDARD = gnu99;
				GCC_NO_COMMON_BLOCKS = YES;
				GCC_WARN_64_TO_32_BIT_CONVERSION = YES;
				GCC_WARN_ABOUT_RETURN_TYPE = YES_ERROR;
				GCC_WARN_UNDECLARED_SELECTOR = YES;
				GCC_WARN_UNINITIALIZED_AUTOS = YES_AGGRESSIVE;
				GCC_WARN_UNUSED_FUNCTION = YES;
				GCC_WARN_UNUSED_VARIABLE = YES;
				MACOSX_DEPLOYMENT_TARGET = 10.11;
				MTL_ENABLE_DEBUG_INFO = NO;
				SDKROOT = macosx;
			};
			name = Release;
		};
		3ECBF8B91C3B60A600B0597E /* Debug */ = {
			isa = XCBuildConfiguration;
			buildSettings = {
				PRODUCT_NAME = "$(TARGET_NAME)";
			};
			name = Debug;
		};
		3ECBF8BA1C3B60A600B0597E /* Release */ = {
			isa = XCBuildConfiguration;
			buildSettings = {
				PRODUCT_NAME = "$(TARGET_NAME)";
			};
			name = Release;
		};
/* End XCBuildConfiguration section */

/* Begin XCConfigurationList section */
		3ECBF8AC1C3B60A600B0597E /* Build configuration list for PBXProject "Compare two linked lists" */ = {
			isa = XCConfigurationList;
			buildConfigurations = (
				3ECBF8B61C3B60A600B0597E /* Debug */,
				3ECBF8B71C3B60A600B0597E /* Release */,
			);
			defaultConfigurationIsVisible = 0;
			defaultConfigurationName = Release;
		};
		3ECBF8B81C3B60A600B0597E /* Build configuration list for PBXNativeTarget "Compare two linked lists" */ = {
			isa = XCConfigurationList;
			buildConfigurations = (
				3ECBF8B91C3B60A600B0597E /* Debug */,
				3ECBF8BA1C3B60A600B0597E /* Release */,
			);
			defaultConfigurationIsVisible = 0;
		};
/* End XCConfigurationList section */
	};
	rootObject = 3ECBF8A91C3B60A600B0597E /* Project object */;
}
